
Microsoft Visual Studio Solution File, Format Version 12.00
# Visual Studio Version 16
VisualStudioVersion = 16.0.32228.343
MinimumVisualStudioVersion = 10.0.40219.1
Project("{FAE04EC0-301F-11D3-BF4B-00C04F79EFBC}") = "Wiederholung Methoden", "Wiederholung Methoden.csproj", "{0EFD42ED-1698-4FCF-AFEB-70888D956A67}"
EndProject
Global
	GlobalSection(SolutionConfigurationPlatforms) = preSolution
		Debug|Any CPU = Debug|Any CPU
		Release|Any CPU = Release|Any CPU
	EndGlobalSection
	GlobalSection(ProjectConfigurationPlatforms) = postSolution
		{0EFD42ED-1698-4FCF-AFEB-70888D956A67}.Debug|Any CPU.ActiveCfg = Debug|Any CPU
		{0EFD42ED-1698-4FCF-AFEB-70888D956A67}.Debug|Any CPU.Build.0 = Debug|Any CPU
		{0EFD42ED-1698-4FCF-AFEB-70888D956A67}.Release|Any CPU.ActiveCfg = Release|Any CPU
		{0EFD42ED-1698-4FCF-AFEB-70888D956A67}.Release|Any CPU.Build.0 = Release|Any CPU
	EndGlobalSection
	GlobalSection(SolutionProperties) = preSolution
		HideSolutionNode = FALSE
	EndGlobalSection
	GlobalSection(ExtensibilityGlobals) = postSolution
		SolutionGuid = {49A32BCE-BFF5-4AF2-A453-C384597D2B88}
	EndGlobalSection
EndGlobal
